
Microsoft Visual Studio Solution File, Format Version 12.00
# Visual Studio Version 16
VisualStudioVersion = 16.0.30114.105
MinimumVisualStudioVersion = 10.0.40219.1
Project("{2150E333-8FDC-42A3-9474-1A3956D46DE8}") = "src", "src", "{8225A7E8-5065-4BBB-9C36-3F0C87C1C8B6}"
EndProject
Project("{FAE04EC0-301F-11D3-BF4B-00C04F79EFBC}") = "Application", "src\Application\Application.csproj", "{B5778B2E-9E9D-489B-B3A7-11EF777D3070}"
EndProject
Project("{FAE04EC0-301F-11D3-BF4B-00C04F79EFBC}") = "Domain", "src\Domain\Domain.csproj", "{0E9E94B4-5BC2-4875-8BCA-53A922990A83}"
EndProject
Project("{FAE04EC0-301F-11D3-BF4B-00C04F79EFBC}") = "Infrastructure", "src\Infrastructure\Infrastructure.csproj", "{55D250FD-697A-415E-B51D-436B48E0BED1}"
EndProject
Project("{FAE04EC0-301F-11D3-BF4B-00C04F79EFBC}") = "RestAPI", "src\RESTApi\RestAPI.csproj", "{7CD66BDD-7D49-428E-849F-8291927E5AEE}"
EndProject
Project("{2150E333-8FDC-42A3-9474-1A3956D46DE8}") = "tests", "tests", "{BDE24BD6-92D2-4FD7-B2F1-53A909FB483F}"
EndProject
Project("{FAE04EC0-301F-11D3-BF4B-00C04F79EFBC}") = "Application.Tests.Unit", "tests\Application.Test.Unit\Application.Tests.Unit.csproj", "{4DF530A8-036B-43DF-A29A-024EC4BBFADE}"
EndProject
Project("{FAE04EC0-301F-11D3-BF4B-00C04F79EFBC}") = "Application.Tests.Intergration", "tests\Application.Tests.Intergration\Application.Tests.Intergration.csproj", "{EE1C7EEC-1F4A-42F4-834C-BF9F2DF4EF32}"
EndProject
Project("{FAE04EC0-301F-11D3-BF4B-00C04F79EFBC}") = "RESTApi.Tests.Intergration", "tests\RESTApi.Tests.Intergration\RESTApi.Tests.Intergration.csproj", "{673D9680-1254-4CEF-A73B-B294265C0546}"
EndProject
Global
	GlobalSection(SolutionConfigurationPlatforms) = preSolution
		Debug|Any CPU = Debug|Any CPU
		Debug|x64 = Debug|x64
		Debug|x86 = Debug|x86
		Release|Any CPU = Release|Any CPU
		Release|x64 = Release|x64
		Release|x86 = Release|x86
	EndGlobalSection
	GlobalSection(SolutionProperties) = preSolution
		HideSolutionNode = FALSE
	EndGlobalSection
	GlobalSection(ProjectConfigurationPlatforms) = postSolution
		{B5778B2E-9E9D-489B-B3A7-11EF777D3070}.Debug|Any CPU.ActiveCfg = Debug|Any CPU
		{B5778B2E-9E9D-489B-B3A7-11EF777D3070}.Debug|Any CPU.Build.0 = Debug|Any CPU
		{B5778B2E-9E9D-489B-B3A7-11EF777D3070}.Debug|x64.ActiveCfg = Debug|Any CPU
		{B5778B2E-9E9D-489B-B3A7-11EF777D3070}.Debug|x64.Build.0 = Debug|Any CPU
		{B5778B2E-9E9D-489B-B3A7-11EF777D3070}.Debug|x86.ActiveCfg = Debug|Any CPU
		{B5778B2E-9E9D-489B-B3A7-11EF777D3070}.Debug|x86.Build.0 = Debug|Any CPU
		{B5778B2E-9E9D-489B-B3A7-11EF777D3070}.Release|Any CPU.ActiveCfg = Release|Any CPU
		{B5778B2E-9E9D-489B-B3A7-11EF777D3070}.Release|Any CPU.Build.0 = Release|Any CPU
		{B5778B2E-9E9D-489B-B3A7-11EF777D3070}.Release|x64.ActiveCfg = Release|Any CPU
		{B5778B2E-9E9D-489B-B3A7-11EF777D3070}.Release|x64.Build.0 = Release|Any CPU
		{B5778B2E-9E9D-489B-B3A7-11EF777D3070}.Release|x86.ActiveCfg = Release|Any CPU
		{B5778B2E-9E9D-489B-B3A7-11EF777D3070}.Release|x86.Build.0 = Release|Any CPU
		{0E9E94B4-5BC2-4875-8BCA-53A922990A83}.Debug|Any CPU.ActiveCfg = Debug|Any CPU
		{0E9E94B4-5BC2-4875-8BCA-53A922990A83}.Debug|Any CPU.Build.0 = Debug|Any CPU
		{0E9E94B4-5BC2-4875-8BCA-53A922990A83}.Debug|x64.ActiveCfg = Debug|Any CPU
		{0E9E94B4-5BC2-4875-8BCA-53A922990A83}.Debug|x64.Build.0 = Debug|Any CPU
		{0E9E94B4-5BC2-4875-8BCA-53A922990A83}.Debug|x86.ActiveCfg = Debug|Any CPU
		{0E9E94B4-5BC2-4875-8BCA-53A922990A83}.Debug|x86.Build.0 = Debug|Any CPU
		{0E9E94B4-5BC2-4875-8BCA-53A922990A83}.Release|Any CPU.ActiveCfg = Release|Any CPU
		{0E9E94B4-5BC2-4875-8BCA-53A922990A83}.Release|Any CPU.Build.0 = Release|Any CPU
		{0E9E94B4-5BC2-4875-8BCA-53A922990A83}.Release|x64.ActiveCfg = Release|Any CPU
		{0E9E94B4-5BC2-4875-8BCA-53A922990A83}.Release|x64.Build.0 = Release|Any CPU
		{0E9E94B4-5BC2-4875-8BCA-53A922990A83}.Release|x86.ActiveCfg = Release|Any CPU
		{0E9E94B4-5BC2-4875-8BCA-53A922990A83}.Release|x86.Build.0 = Release|Any CPU
		{55D250FD-697A-415E-B51D-436B48E0BED1}.Debug|Any CPU.ActiveCfg = Debug|Any CPU
		{55D250FD-697A-415E-B51D-436B48E0BED1}.Debug|Any CPU.Build.0 = Debug|Any CPU
		{55D250FD-697A-415E-B51D-436B48E0BED1}.Debug|x64.ActiveCfg = Debug|Any CPU
		{55D250FD-697A-415E-B51D-436B48E0BED1}.Debug|x64.Build.0 = Debug|Any CPU
		{55D250FD-697A-415E-B51D-436B48E0BED1}.Debug|x86.ActiveCfg = Debug|Any CPU
		{55D250FD-697A-415E-B51D-436B48E0BED1}.Debug|x86.Build.0 = Debug|Any CPU
		{55D250FD-697A-415E-B51D-436B48E0BED1}.Release|Any CPU.ActiveCfg = Release|Any CPU
		{55D250FD-697A-415E-B51D-436B48E0BED1}.Release|Any CPU.Build.0 = Release|Any CPU
		{55D250FD-697A-415E-B51D-436B48E0BED1}.Release|x64.ActiveCfg = Release|Any CPU
		{55D250FD-697A-415E-B51D-436B48E0BED1}.Release|x64.Build.0 = Release|Any CPU
		{55D250FD-697A-415E-B51D-436B48E0BED1}.Release|x86.ActiveCfg = Release|Any CPU
		{55D250FD-697A-415E-B51D-436B48E0BED1}.Release|x86.Build.0 = Release|Any CPU
		{7CD66BDD-7D49-428E-849F-8291927E5AEE}.Debug|Any CPU.ActiveCfg = Debug|Any CPU
		{7CD66BDD-7D49-428E-849F-8291927E5AEE}.Debug|Any CPU.Build.0 = Debug|Any CPU
		{7CD66BDD-7D49-428E-849F-8291927E5AEE}.Debug|x64.ActiveCfg = Debug|Any CPU
		{7CD66BDD-7D49-428E-849F-8291927E5AEE}.Debug|x64.Build.0 = Debug|Any CPU
		{7CD66BDD-7D49-428E-849F-8291927E5AEE}.Debug|x86.ActiveCfg = Debug|Any CPU
		{7CD66BDD-7D49-428E-849F-8291927E5AEE}.Debug|x86.Build.0 = Debug|Any CPU
		{7CD66BDD-7D49-428E-849F-8291927E5AEE}.Release|Any CPU.ActiveCfg = Release|Any CPU
		{7CD66BDD-7D49-428E-849F-8291927E5AEE}.Release|Any CPU.Build.0 = Release|Any CPU
		{7CD66BDD-7D49-428E-849F-8291927E5AEE}.Release|x64.ActiveCfg = Release|Any CPU
		{7CD66BDD-7D49-428E-849F-8291927E5AEE}.Release|x64.Build.0 = Release|Any CPU
		{7CD66BDD-7D49-428E-849F-8291927E5AEE}.Release|x86.ActiveCfg = Release|Any CPU
		{7CD66BDD-7D49-428E-849F-8291927E5AEE}.Release|x86.Build.0 = Release|Any CPU
		{4DF530A8-036B-43DF-A29A-024EC4BBFADE}.Debug|Any CPU.ActiveCfg = Debug|Any CPU
		{4DF530A8-036B-43DF-A29A-024EC4BBFADE}.Debug|Any CPU.Build.0 = Debug|Any CPU
		{4DF530A8-036B-43DF-A29A-024EC4BBFADE}.Debug|x64.ActiveCfg = Debug|Any CPU
		{4DF530A8-036B-43DF-A29A-024EC4BBFADE}.Debug|x64.Build.0 = Debug|Any CPU
		{4DF530A8-036B-43DF-A29A-024EC4BBFADE}.Debug|x86.ActiveCfg = Debug|Any CPU
		{4DF530A8-036B-43DF-A29A-024EC4BBFADE}.Debug|x86.Build.0 = Debug|Any CPU
		{4DF530A8-036B-43DF-A29A-024EC4BBFADE}.Release|Any CPU.ActiveCfg = Release|Any CPU
		{4DF530A8-036B-43DF-A29A-024EC4BBFADE}.Release|Any CPU.Build.0 = Release|Any CPU
		{4DF530A8-036B-43DF-A29A-024EC4BBFADE}.Release|x64.ActiveCfg = Release|Any CPU
		{4DF530A8-036B-43DF-A29A-024EC4BBFADE}.Release|x64.Build.0 = Release|Any CPU
		{4DF530A8-036B-43DF-A29A-024EC4BBFADE}.Release|x86.ActiveCfg = Release|Any CPU
		{4DF530A8-036B-43DF-A29A-024EC4BBFADE}.Release|x86.Build.0 = Release|Any CPU
		{EE1C7EEC-1F4A-42F4-834C-BF9F2DF4EF32}.Debug|Any CPU.ActiveCfg = Debug|Any CPU
		{EE1C7EEC-1F4A-42F4-834C-BF9F2DF4EF32}.Debug|Any CPU.Build.0 = Debug|Any CPU
		{EE1C7EEC-1F4A-42F4-834C-BF9F2DF4EF32}.Debug|x64.ActiveCfg = Debug|Any CPU
		{EE1C7EEC-1F4A-42F4-834C-BF9F2DF4EF32}.Debug|x64.Build.0 = Debug|Any CPU
		{EE1C7EEC-1F4A-42F4-834C-BF9F2DF4EF32}.Debug|x86.ActiveCfg = Debug|Any CPU
		{EE1C7EEC-1F4A-42F4-834C-BF9F2DF4EF32}.Debug|x86.Build.0 = Debug|Any CPU
		{EE1C7EEC-1F4A-42F4-834C-BF9F2DF4EF32}.Release|Any CPU.ActiveCfg = Release|Any CPU
		{EE1C7EEC-1F4A-42F4-834C-BF9F2DF4EF32}.Release|Any CPU.Build.0 = Release|Any CPU
		{EE1C7EEC-1F4A-42F4-834C-BF9F2DF4EF32}.Release|x64.ActiveCfg = Release|Any CPU
		{EE1C7EEC-1F4A-42F4-834C-BF9F2DF4EF32}.Release|x64.Build.0 = Release|Any CPU
		{EE1C7EEC-1F4A-42F4-834C-BF9F2DF4EF32}.Release|x86.ActiveCfg = Release|Any CPU
		{EE1C7EEC-1F4A-42F4-834C-BF9F2DF4EF32}.Release|x86.Build.0 = Release|Any CPU
		{673D9680-1254-4CEF-A73B-B294265C0546}.Debug|Any CPU.ActiveCfg = Debug|Any CPU
		{673D9680-1254-4CEF-A73B-B294265C0546}.Debug|Any CPU.Build.0 = Debug|Any CPU
		{673D9680-1254-4CEF-A73B-B294265C0546}.Debug|x64.ActiveCfg = Debug|Any CPU
		{673D9680-1254-4CEF-A73B-B294265C0546}.Debug|x64.Build.0 = Debug|Any CPU
		{673D9680-1254-4CEF-A73B-B294265C0546}.Debug|x86.ActiveCfg = Debug|Any CPU
		{673D9680-1254-4CEF-A73B-B294265C0546}.Debug|x86.Build.0 = Debug|Any CPU
		{673D9680-1254-4CEF-A73B-B294265C0546}.Release|Any CPU.ActiveCfg = Release|Any CPU
		{673D9680-1254-4CEF-A73B-B294265C0546}.Release|Any CPU.Build.0 = Release|Any CPU
		{673D9680-1254-4CEF-A73B-B294265C0546}.Release|x64.ActiveCfg = Release|Any CPU
		{673D9680-1254-4CEF-A73B-B294265C0546}.Release|x64.Build.0 = Release|Any CPU
		{673D9680-1254-4CEF-A73B-B294265C0546}.Release|x86.ActiveCfg = Release|Any CPU
		{673D9680-1254-4CEF-A73B-B294265C0546}.Release|x86.Build.0 = Release|Any CPU
	EndGlobalSection
	GlobalSection(NestedProjects) = preSolution
		{B5778B2E-9E9D-489B-B3A7-11EF777D3070} = {8225A7E8-5065-4BBB-9C36-3F0C87C1C8B6}
		{0E9E94B4-5BC2-4875-8BCA-53A922990A83} = {8225A7E8-5065-4BBB-9C36-3F0C87C1C8B6}
		{55D250FD-697A-415E-B51D-436B48E0BED1} = {8225A7E8-5065-4BBB-9C36-3F0C87C1C8B6}
		{7CD66BDD-7D49-428E-849F-8291927E5AEE} = {8225A7E8-5065-4BBB-9C36-3F0C87C1C8B6}
		{4DF530A8-036B-43DF-A29A-024EC4BBFADE} = {BDE24BD6-92D2-4FD7-B2F1-53A909FB483F}
		{EE1C7EEC-1F4A-42F4-834C-BF9F2DF4EF32} = {BDE24BD6-92D2-4FD7-B2F1-53A909FB483F}
		{673D9680-1254-4CEF-A73B-B294265C0546} = {BDE24BD6-92D2-4FD7-B2F1-53A909FB483F}
	EndGlobalSection
EndGlobal
